# This file is automatically @generated by Cargo.
# It is not intended for manual editing.
version = 4

[[package]]
name = "sdal-chunking"
version = "0.1.0"

[[package]]
name = "sdal-cli"
version = "0.1.0"
dependencies = [
 "sdal-chunking",
 "sdal-core",
 "sdal-policy",
 "sdal-storage",
]

[[package]]
name = "sdal-core"
version = "0.1.0"

[[package]]
name = "sdal-policy"
version = "0.1.0"

[[package]]
name = "sdal-storage"
version = "0.1.0"
